
Microsoft Visual Studio Solution File, Format Version 12.00
# Visual Studio 14
VisualStudioVersion = 14.0.25420.1
MinimumVisualStudioVersion = 10.0.40219.1
Project("{8BC9CEB8-8B4A-11D0-8D11-00A0C91BC942}") = "aclient", "aclient\aclient.vcxproj", "{062825EB-6600-446D-95AC-71205196D217}"
EndProject
Project("{8BC9CEB8-8B4A-11D0-8D11-00A0C91BC942}") = "aclient_beast", "aclient_beast\aclient_beast.vcxproj", "{E654E8A7-470B-4514-8B39-C3CA816C2887}"
EndProject
Project("{8BC9CEB8-8B4A-11D0-8D11-00A0C91BC942}") = "use_timer", "use_timer\use_timer.vcxproj", "{E632F69B-5B17-412D-96D1-CFB7DD592D91}"
EndProject
Project("{8BC9CEB8-8B4A-11D0-8D11-00A0C91BC942}") = "echo_server", "echo_server\echo_server.vcxproj", "{931EF25F-3AC3-483B-AB02-5053D0E66FD9}"
EndProject
Project("{8BC9CEB8-8B4A-11D0-8D11-00A0C91BC942}") = "echo_callback", "echo_callback\echo_callback.vcxproj", "{041AAE87-7366-4362-82CD-2628710DE7A2}"
EndProject
Project("{8BC9CEB8-8B4A-11D0-8D11-00A0C91BC942}") = "echo_thread", "echo_thread\echo_thread.vcxproj", "{2AAEB326-3869-4CDC-BC94-2D4D95F3E9E5}"
EndProject
Project("{8BC9CEB8-8B4A-11D0-8D11-00A0C91BC942}") = "simplest_coro", "simplest_coro\simplest_coro.vcxproj", "{766B41A3-4235-404F-B2DF-A34889F89F5B}"
EndProject
Project("{8BC9CEB8-8B4A-11D0-8D11-00A0C91BC942}") = "echo_client", "echo_client\echo_client.vcxproj", "{6733C83B-135F-4373-90D3-07FFFD4DC613}"
EndProject
Project("{8BC9CEB8-8B4A-11D0-8D11-00A0C91BC942}") = "learn_beast", "learn_beast\learn_beast.vcxproj", "{4149C070-DD5F-423A-A954-991050D370C2}"
EndProject
Project("{8BC9CEB8-8B4A-11D0-8D11-00A0C91BC942}") = "beast_co", "beast_co\beast_co.vcxproj", "{DD6B1EF3-F8DF-441B-9EBF-D5717398165C}"
EndProject
Global
	GlobalSection(SolutionConfigurationPlatforms) = preSolution
		Debug|x86 = Debug|x86
		Release|x86 = Release|x86
	EndGlobalSection
	GlobalSection(ProjectConfigurationPlatforms) = postSolution
		{062825EB-6600-446D-95AC-71205196D217}.Debug|x86.ActiveCfg = Debug|Win32
		{062825EB-6600-446D-95AC-71205196D217}.Debug|x86.Build.0 = Debug|Win32
		{062825EB-6600-446D-95AC-71205196D217}.Release|x86.ActiveCfg = Release|Win32
		{062825EB-6600-446D-95AC-71205196D217}.Release|x86.Build.0 = Release|Win32
		{E654E8A7-470B-4514-8B39-C3CA816C2887}.Debug|x86.ActiveCfg = Debug|Win32
		{E654E8A7-470B-4514-8B39-C3CA816C2887}.Debug|x86.Build.0 = Debug|Win32
		{E654E8A7-470B-4514-8B39-C3CA816C2887}.Release|x86.ActiveCfg = Release|Win32
		{E654E8A7-470B-4514-8B39-C3CA816C2887}.Release|x86.Build.0 = Release|Win32
		{E632F69B-5B17-412D-96D1-CFB7DD592D91}.Debug|x86.ActiveCfg = Debug|Win32
		{E632F69B-5B17-412D-96D1-CFB7DD592D91}.Debug|x86.Build.0 = Debug|Win32
		{E632F69B-5B17-412D-96D1-CFB7DD592D91}.Release|x86.ActiveCfg = Release|Win32
		{E632F69B-5B17-412D-96D1-CFB7DD592D91}.Release|x86.Build.0 = Release|Win32
		{931EF25F-3AC3-483B-AB02-5053D0E66FD9}.Debug|x86.ActiveCfg = Debug|Win32
		{931EF25F-3AC3-483B-AB02-5053D0E66FD9}.Debug|x86.Build.0 = Debug|Win32
		{931EF25F-3AC3-483B-AB02-5053D0E66FD9}.Release|x86.ActiveCfg = Release|Win32
		{931EF25F-3AC3-483B-AB02-5053D0E66FD9}.Release|x86.Build.0 = Release|Win32
		{041AAE87-7366-4362-82CD-2628710DE7A2}.Debug|x86.ActiveCfg = Debug|Win32
		{041AAE87-7366-4362-82CD-2628710DE7A2}.Debug|x86.Build.0 = Debug|Win32
		{041AAE87-7366-4362-82CD-2628710DE7A2}.Release|x86.ActiveCfg = Release|Win32
		{041AAE87-7366-4362-82CD-2628710DE7A2}.Release|x86.Build.0 = Release|Win32
		{2AAEB326-3869-4CDC-BC94-2D4D95F3E9E5}.Debug|x86.ActiveCfg = Debug|Win32
		{2AAEB326-3869-4CDC-BC94-2D4D95F3E9E5}.Debug|x86.Build.0 = Debug|Win32
		{2AAEB326-3869-4CDC-BC94-2D4D95F3E9E5}.Release|x86.ActiveCfg = Release|Win32
		{2AAEB326-3869-4CDC-BC94-2D4D95F3E9E5}.Release|x86.Build.0 = Release|Win32
		{766B41A3-4235-404F-B2DF-A34889F89F5B}.Debug|x86.ActiveCfg = Debug|Win32
		{766B41A3-4235-404F-B2DF-A34889F89F5B}.Debug|x86.Build.0 = Debug|Win32
		{766B41A3-4235-404F-B2DF-A34889F89F5B}.Release|x86.ActiveCfg = Release|Win32
		{766B41A3-4235-404F-B2DF-A34889F89F5B}.Release|x86.Build.0 = Release|Win32
		{6733C83B-135F-4373-90D3-07FFFD4DC613}.Debug|x86.ActiveCfg = Debug|Win32
		{6733C83B-135F-4373-90D3-07FFFD4DC613}.Debug|x86.Build.0 = Debug|Win32
		{6733C83B-135F-4373-90D3-07FFFD4DC613}.Release|x86.ActiveCfg = Release|Win32
		{6733C83B-135F-4373-90D3-07FFFD4DC613}.Release|x86.Build.0 = Release|Win32
		{4149C070-DD5F-423A-A954-991050D370C2}.Debug|x86.ActiveCfg = Debug|Win32
		{4149C070-DD5F-423A-A954-991050D370C2}.Debug|x86.Build.0 = Debug|Win32
		{4149C070-DD5F-423A-A954-991050D370C2}.Release|x86.ActiveCfg = Release|Win32
		{4149C070-DD5F-423A-A954-991050D370C2}.Release|x86.Build.0 = Release|Win32
		{DD6B1EF3-F8DF-441B-9EBF-D5717398165C}.Debug|x86.ActiveCfg = Debug|Win32
		{DD6B1EF3-F8DF-441B-9EBF-D5717398165C}.Debug|x86.Build.0 = Debug|Win32
		{DD6B1EF3-F8DF-441B-9EBF-D5717398165C}.Release|x86.ActiveCfg = Release|Win32
		{DD6B1EF3-F8DF-441B-9EBF-D5717398165C}.Release|x86.Build.0 = Release|Win32
	EndGlobalSection
	GlobalSection(SolutionProperties) = preSolution
		HideSolutionNode = FALSE
	EndGlobalSection
EndGlobal
